
Microsoft Visual Studio Solution File, Format Version 12.00
# Visual Studio 2012
# SharpDevelop 5.1
VisualStudioVersion = 12.0.20827.3
MinimumVisualStudioVersion = 10.0.40219.1
Project("{FAE04EC0-301F-11D3-BF4B-00C04F79EFBC}") = "ImportTestData", "ImportTestData\ImportTestData.csproj", "{D9299D09-FE17-4D9F-80C1-F7DC4D8E6711}"
EndProject
Global
	GlobalSection(SolutionConfigurationPlatforms) = preSolution
		Debug|Any CPU = Debug|Any CPU
		Release|Any CPU = Release|Any CPU
	EndGlobalSection
	GlobalSection(ProjectConfigurationPlatforms) = postSolution
		{D9299D09-FE17-4D9F-80C1-F7DC4D8E6711}.Debug|Any CPU.ActiveCfg = Debug|Any CPU
		{D9299D09-FE17-4D9F-80C1-F7DC4D8E6711}.Debug|Any CPU.Build.0 = Debug|Any CPU
		{D9299D09-FE17-4D9F-80C1-F7DC4D8E6711}.Release|Any CPU.ActiveCfg = Release|Any CPU
		{D9299D09-FE17-4D9F-80C1-F7DC4D8E6711}.Release|Any CPU.Build.0 = Release|Any CPU
	EndGlobalSection
EndGlobal
